
Microsoft Visual Studio Solution File, Format Version 12.00
# Visual Studio Version 16
VisualStudioVersion = 25.0.1705.0
MinimumVisualStudioVersion = 10.0.40219.1
Project("{FAE04EC0-301F-11D3-BF4B-00C04F79EFBC}") = "CircleObjects", "CircleObjects\CircleObjects.csproj", "{8265C97D-CC33-4EE6-AB47-D704BE0FE01C}"
EndProject
Global
	GlobalSection(SolutionConfigurationPlatforms) = preSolution
		Debug|Any CPU = Debug|Any CPU
		Release|Any CPU = Release|Any CPU
	EndGlobalSection
	GlobalSection(ProjectConfigurationPlatforms) = postSolution
		{8265C97D-CC33-4EE6-AB47-D704BE0FE01C}.Debug|Any CPU.ActiveCfg = Debug|Any CPU
		{8265C97D-CC33-4EE6-AB47-D704BE0FE01C}.Debug|Any CPU.Build.0 = Debug|Any CPU
		{8265C97D-CC33-4EE6-AB47-D704BE0FE01C}.Release|Any CPU.ActiveCfg = Release|Any CPU
		{8265C97D-CC33-4EE6-AB47-D704BE0FE01C}.Release|Any CPU.Build.0 = Release|Any CPU
	EndGlobalSection
	GlobalSection(SolutionProperties) = preSolution
		HideSolutionNode = FALSE
	EndGlobalSection
	GlobalSection(ExtensibilityGlobals) = postSolution
		SolutionGuid = {4B0C72D5-35BD-46E1-81D6-E6D1CEE0AB9B}
	EndGlobalSection
EndGlobal
